
Microsoft Visual Studio Solution File, Format Version 12.00
# Visual Studio Version 16
VisualStudioVersion = 16.0.809.7
MinimumVisualStudioVersion = 10.0.40219.1
Project("{FAE04EC0-301F-11D3-BF4B-00C04F79EFBC}") = "Task7-1st", "Task7-1st\Task7-1st.csproj", "{723EBA3C-F55B-4037-B5EC-C4B4B142BBD8}"
EndProject
Global
	GlobalSection(SolutionConfigurationPlatforms) = preSolution
		Debug|Any CPU = Debug|Any CPU
		Release|Any CPU = Release|Any CPU
	EndGlobalSection
	GlobalSection(ProjectConfigurationPlatforms) = postSolution
		{723EBA3C-F55B-4037-B5EC-C4B4B142BBD8}.Debug|Any CPU.ActiveCfg = Debug|Any CPU
		{723EBA3C-F55B-4037-B5EC-C4B4B142BBD8}.Debug|Any CPU.Build.0 = Debug|Any CPU
		{723EBA3C-F55B-4037-B5EC-C4B4B142BBD8}.Release|Any CPU.ActiveCfg = Release|Any CPU
		{723EBA3C-F55B-4037-B5EC-C4B4B142BBD8}.Release|Any CPU.Build.0 = Release|Any CPU
	EndGlobalSection
	GlobalSection(SolutionProperties) = preSolution
		HideSolutionNode = FALSE
	EndGlobalSection
	GlobalSection(ExtensibilityGlobals) = postSolution
		SolutionGuid = {3C826091-7EC1-4DF2-B377-192DDDBAEE4D}
	EndGlobalSection
EndGlobal
